
Microsoft Visual Studio Solution File, Format Version 12.00
# Visual Studio Version 16
VisualStudioVersion = 16.0.31025.194
MinimumVisualStudioVersion = 10.0.40219.1
Project("{FAE04EC0-301F-11D3-BF4B-00C04F79EFBC}") = "Redis.Core.WebApi", "Redis.Core.WebApi\Redis.Core.WebApi.csproj", "{83DD4DD0-D9FE-4D0A-88B0-354505A3472C}"
EndProject
Global
	GlobalSection(SolutionConfigurationPlatforms) = preSolution
		Debug|Any CPU = Debug|Any CPU
		Release|Any CPU = Release|Any CPU
	EndGlobalSection
	GlobalSection(ProjectConfigurationPlatforms) = postSolution
		{83DD4DD0-D9FE-4D0A-88B0-354505A3472C}.Debug|Any CPU.ActiveCfg = Debug|Any CPU
		{83DD4DD0-D9FE-4D0A-88B0-354505A3472C}.Debug|Any CPU.Build.0 = Debug|Any CPU
		{83DD4DD0-D9FE-4D0A-88B0-354505A3472C}.Release|Any CPU.ActiveCfg = Release|Any CPU
		{83DD4DD0-D9FE-4D0A-88B0-354505A3472C}.Release|Any CPU.Build.0 = Release|Any CPU
	EndGlobalSection
	GlobalSection(SolutionProperties) = preSolution
		HideSolutionNode = FALSE
	EndGlobalSection
	GlobalSection(ExtensibilityGlobals) = postSolution
		SolutionGuid = {F70F92CF-4F6D-455C-9584-2ADAEFD95B18}
	EndGlobalSection
EndGlobal
