
Microsoft Visual Studio Solution File, Format Version 12.00
# Visual Studio Version 17
VisualStudioVersion = 17.10.34707.107
MinimumVisualStudioVersion = 10.0.40219.1
Project("{9A19103F-16F7-4668-BE54-9A1E7A4F7556}") = "devShopDNC", "devShopDNC\devShopDNC.csproj", "{B73248E2-AF48-46D5-A63B-614BA7F37319}"
EndProject
Global
	GlobalSection(SolutionConfigurationPlatforms) = preSolution
		Debug|Any CPU = Debug|Any CPU
		Release|Any CPU = Release|Any CPU
	EndGlobalSection
	GlobalSection(ProjectConfigurationPlatforms) = postSolution
		{B73248E2-AF48-46D5-A63B-614BA7F37319}.Debug|Any CPU.ActiveCfg = Debug|Any CPU
		{B73248E2-AF48-46D5-A63B-614BA7F37319}.Debug|Any CPU.Build.0 = Debug|Any CPU
		{B73248E2-AF48-46D5-A63B-614BA7F37319}.Release|Any CPU.ActiveCfg = Release|Any CPU
		{B73248E2-AF48-46D5-A63B-614BA7F37319}.Release|Any CPU.Build.0 = Release|Any CPU
	EndGlobalSection
	GlobalSection(SolutionProperties) = preSolution
		HideSolutionNode = FALSE
	EndGlobalSection
	GlobalSection(ExtensibilityGlobals) = postSolution
		SolutionGuid = {E874AC19-622E-4E6D-B666-65CA1CD3EF59}
	EndGlobalSection
EndGlobal
